{
  "name": "schema.org",
  "version": "1.0.0",
  "lockfileVersion": 2,
  "requires": true,
  "packages": {
    "": {
      "name": "schema.org",
      "version": "1.0.0",
      "license": "ISC",
      "dependencies": {
        "@lyrasearch/lyra": "^0.1.4"
      }
    },
    "node_modules/@lyrasearch/lyra": {
      "version": "0.1.4",
      "resolved": "https://registry.npmjs.org/@lyrasearch/lyra/-/lyra-0.1.4.tgz",
      "integrity": "sha512-g6iZP48WANSylhXrgh9fPGGCe7VXPp9cP9q/BOsawOn+GXJFRy5Ur29FdWNUTZhPCt3x24yHnB16+fMOhDRofg=="
    }
  },
  "dependencies": {
    "@lyrasearch/lyra": {
      "version": "0.1.4",
      "resolved": "https://registry.npmjs.org/@lyrasearch/lyra/-/lyra-0.1.4.tgz",
      "integrity": "sha512-g6iZP48WANSylhXrgh9fPGGCe7VXPp9cP9q/BOsawOn+GXJFRy5Ur29FdWNUTZhPCt3x24yHnB16+fMOhDRofg=="
    }
  }
}
